
Microsoft Visual Studio Solution File, Format Version 12.00
# Visual Studio Version 17
VisualStudioVersion = 17.6.33815.320
MinimumVisualStudioVersion = 10.0.40219.1
Project("{FAE04EC0-301F-11D3-BF4B-00C04F79EFBC}") = "ProjectNews", "ProjectNews\ProjectNews.csproj", "{E5CC7929-9285-40DC-96D3-EFFB4F6BF4D5}"
EndProject
Global
	GlobalSection(SolutionConfigurationPlatforms) = preSolution
		Debug|Any CPU = Debug|Any CPU
		Release|Any CPU = Release|Any CPU
	EndGlobalSection
	GlobalSection(ProjectConfigurationPlatforms) = postSolution
		{E5CC7929-9285-40DC-96D3-EFFB4F6BF4D5}.Debug|Any CPU.ActiveCfg = Debug|Any CPU
		{E5CC7929-9285-40DC-96D3-EFFB4F6BF4D5}.Debug|Any CPU.Build.0 = Debug|Any CPU
		{E5CC7929-9285-40DC-96D3-EFFB4F6BF4D5}.Release|Any CPU.ActiveCfg = Release|Any CPU
		{E5CC7929-9285-40DC-96D3-EFFB4F6BF4D5}.Release|Any CPU.Build.0 = Release|Any CPU
	EndGlobalSection
	GlobalSection(SolutionProperties) = preSolution
		HideSolutionNode = FALSE
	EndGlobalSection
	GlobalSection(ExtensibilityGlobals) = postSolution
		SolutionGuid = {B450DC9E-789F-4E7A-86B9-576E4786C755}
	EndGlobalSection
EndGlobal
